
Microsoft Visual Studio Solution File, Format Version 12.00
# Visual Studio Version 17
VisualStudioVersion = 17.6.33815.320
MinimumVisualStudioVersion = 10.0.40219.1
Project("{FAE04EC0-301F-11D3-BF4B-00C04F79EFBC}") = "Permutation", "..\Permutation\Permutation.csproj", "{F45EEED5-03CC-43E5-8EC2-78A5956EB97D}"
EndProject
Project("{FAE04EC0-301F-11D3-BF4B-00C04F79EFBC}") = "Variations", "..\Variations\Variations.csproj", "{5DE5CF76-99E3-4D62-9D78-558B3DA1D541}"
EndProject
Project("{FAE04EC0-301F-11D3-BF4B-00C04F79EFBC}") = "Combinations", "..\Combinations\Combinations.csproj", "{6D810393-8703-4989-87E0-6AFE649B878F}"
EndProject
Global
	GlobalSection(SolutionConfigurationPlatforms) = preSolution
		Debug|Any CPU = Debug|Any CPU
		Release|Any CPU = Release|Any CPU
	EndGlobalSection
	GlobalSection(ProjectConfigurationPlatforms) = postSolution
		{F45EEED5-03CC-43E5-8EC2-78A5956EB97D}.Debug|Any CPU.ActiveCfg = Debug|Any CPU
		{F45EEED5-03CC-43E5-8EC2-78A5956EB97D}.Debug|Any CPU.Build.0 = Debug|Any CPU
		{F45EEED5-03CC-43E5-8EC2-78A5956EB97D}.Release|Any CPU.ActiveCfg = Release|Any CPU
		{F45EEED5-03CC-43E5-8EC2-78A5956EB97D}.Release|Any CPU.Build.0 = Release|Any CPU
		{5DE5CF76-99E3-4D62-9D78-558B3DA1D541}.Debug|Any CPU.ActiveCfg = Debug|Any CPU
		{5DE5CF76-99E3-4D62-9D78-558B3DA1D541}.Debug|Any CPU.Build.0 = Debug|Any CPU
		{5DE5CF76-99E3-4D62-9D78-558B3DA1D541}.Release|Any CPU.ActiveCfg = Release|Any CPU
		{5DE5CF76-99E3-4D62-9D78-558B3DA1D541}.Release|Any CPU.Build.0 = Release|Any CPU
		{6D810393-8703-4989-87E0-6AFE649B878F}.Debug|Any CPU.ActiveCfg = Debug|Any CPU
		{6D810393-8703-4989-87E0-6AFE649B878F}.Debug|Any CPU.Build.0 = Debug|Any CPU
		{6D810393-8703-4989-87E0-6AFE649B878F}.Release|Any CPU.ActiveCfg = Release|Any CPU
		{6D810393-8703-4989-87E0-6AFE649B878F}.Release|Any CPU.Build.0 = Release|Any CPU
	EndGlobalSection
	GlobalSection(SolutionProperties) = preSolution
		HideSolutionNode = FALSE
	EndGlobalSection
	GlobalSection(ExtensibilityGlobals) = postSolution
		SolutionGuid = {0E1AC50E-FC5D-42E3-88DC-21E11B92DB22}
	EndGlobalSection
EndGlobal
